
Microsoft Visual Studio Solution File, Format Version 12.00
# Visual Studio Version 17
VisualStudioVersion = 17.0.31903.59
MinimumVisualStudioVersion = 10.0.40219.1
Project("{FAE04EC0-301F-11D3-BF4B-00C04F79EFBC}") = "SmartPrint.App", "SmartPrint.App\SmartPrint.App.csproj", "{C506C5C8-F303-4F49-848B-5087CBA18687}"
EndProject
Project("{FAE04EC0-301F-11D3-BF4B-00C04F79EFBC}") = "SmartPrint.Core", "SmartPrint.Core\SmartPrint.Core.csproj", "{BA7404CF-E9C2-40CD-A4AB-8E4859B3EB77}"
EndProject
Project("{FAE04EC0-301F-11D3-BF4B-00C04F79EFBC}") = "SmartPrint.Tests", "SmartPrint.Tests\SmartPrint.Tests.csproj", "{30973F09-B013-493E-B78B-3445ED828E28}"
EndProject
Global
	GlobalSection(SolutionConfigurationPlatforms) = preSolution
		Debug|Any CPU = Debug|Any CPU
		Debug|x64 = Debug|x64
		Debug|x86 = Debug|x86
		Release|Any CPU = Release|Any CPU
		Release|x64 = Release|x64
		Release|x86 = Release|x86
	EndGlobalSection
	GlobalSection(ProjectConfigurationPlatforms) = postSolution
		{C506C5C8-F303-4F49-848B-5087CBA18687}.Debug|Any CPU.ActiveCfg = Debug|Any CPU
		{C506C5C8-F303-4F49-848B-5087CBA18687}.Debug|Any CPU.Build.0 = Debug|Any CPU
		{C506C5C8-F303-4F49-848B-5087CBA18687}.Debug|x64.ActiveCfg = Debug|Any CPU
		{C506C5C8-F303-4F49-848B-5087CBA18687}.Debug|x64.Build.0 = Debug|Any CPU
		{C506C5C8-F303-4F49-848B-5087CBA18687}.Debug|x86.ActiveCfg = Debug|Any CPU
		{C506C5C8-F303-4F49-848B-5087CBA18687}.Debug|x86.Build.0 = Debug|Any CPU
		{C506C5C8-F303-4F49-848B-5087CBA18687}.Release|Any CPU.ActiveCfg = Release|Any CPU
		{C506C5C8-F303-4F49-848B-5087CBA18687}.Release|Any CPU.Build.0 = Release|Any CPU
		{C506C5C8-F303-4F49-848B-5087CBA18687}.Release|x64.ActiveCfg = Release|Any CPU
		{C506C5C8-F303-4F49-848B-5087CBA18687}.Release|x64.Build.0 = Release|Any CPU
		{C506C5C8-F303-4F49-848B-5087CBA18687}.Release|x86.ActiveCfg = Release|Any CPU
		{C506C5C8-F303-4F49-848B-5087CBA18687}.Release|x86.Build.0 = Release|Any CPU
		{BA7404CF-E9C2-40CD-A4AB-8E4859B3EB77}.Debug|Any CPU.ActiveCfg = Debug|Any CPU
		{BA7404CF-E9C2-40CD-A4AB-8E4859B3EB77}.Debug|Any CPU.Build.0 = Debug|Any CPU
		{BA7404CF-E9C2-40CD-A4AB-8E4859B3EB77}.Debug|x64.ActiveCfg = Debug|Any CPU
		{BA7404CF-E9C2-40CD-A4AB-8E4859B3EB77}.Debug|x64.Build.0 = Debug|Any CPU
		{BA7404CF-E9C2-40CD-A4AB-8E4859B3EB77}.Debug|x86.ActiveCfg = Debug|Any CPU
		{BA7404CF-E9C2-40CD-A4AB-8E4859B3EB77}.Debug|x86.Build.0 = Debug|Any CPU
		{BA7404CF-E9C2-40CD-A4AB-8E4859B3EB77}.Release|Any CPU.ActiveCfg = Release|Any CPU
		{BA7404CF-E9C2-40CD-A4AB-8E4859B3EB77}.Release|Any CPU.Build.0 = Release|Any CPU
		{BA7404CF-E9C2-40CD-A4AB-8E4859B3EB77}.Release|x64.ActiveCfg = Release|Any CPU
		{BA7404CF-E9C2-40CD-A4AB-8E4859B3EB77}.Release|x64.Build.0 = Release|Any CPU
		{BA7404CF-E9C2-40CD-A4AB-8E4859B3EB77}.Release|x86.ActiveCfg = Release|Any CPU
		{BA7404CF-E9C2-40CD-A4AB-8E4859B3EB77}.Release|x86.Build.0 = Release|Any CPU
		{30973F09-B013-493E-B78B-3445ED828E28}.Debug|Any CPU.ActiveCfg = Debug|Any CPU
		{30973F09-B013-493E-B78B-3445ED828E28}.Debug|Any CPU.Build.0 = Debug|Any CPU
		{30973F09-B013-493E-B78B-3445ED828E28}.Debug|x64.ActiveCfg = Debug|Any CPU
		{30973F09-B013-493E-B78B-3445ED828E28}.Debug|x64.Build.0 = Debug|Any CPU
		{30973F09-B013-493E-B78B-3445ED828E28}.Debug|x86.ActiveCfg = Debug|Any CPU
		{30973F09-B013-493E-B78B-3445ED828E28}.Debug|x86.Build.0 = Debug|Any CPU
		{30973F09-B013-493E-B78B-3445ED828E28}.Release|Any CPU.ActiveCfg = Release|Any CPU
		{30973F09-B013-493E-B78B-3445ED828E28}.Release|Any CPU.Build.0 = Release|Any CPU
		{30973F09-B013-493E-B78B-3445ED828E28}.Release|x64.ActiveCfg = Release|Any CPU
		{30973F09-B013-493E-B78B-3445ED828E28}.Release|x64.Build.0 = Release|Any CPU
		{30973F09-B013-493E-B78B-3445ED828E28}.Release|x86.ActiveCfg = Release|Any CPU
		{30973F09-B013-493E-B78B-3445ED828E28}.Release|x86.Build.0 = Release|Any CPU
	EndGlobalSection
	GlobalSection(SolutionProperties) = preSolution
		HideSolutionNode = FALSE
	EndGlobalSection
EndGlobal
